
Microsoft Visual Studio Solution File, Format Version 12.00
Project("{FAE04EC0-301F-11D3-BF4B-00C04F79EFBC}") = "Habot.UCI", "Habot.UCI\Habot.UCI.csproj", "{89A07386-3001-477B-92BF-21B0359D5C5E}"
EndProject
Project("{FAE04EC0-301F-11D3-BF4B-00C04F79EFBC}") = "Habot.Core", "Habot.Core\Habot.Core.csproj", "{23E4688A-3395-4AFA-AD2D-B97046B90B65}"
EndProject
Project("{2150E333-8FDC-42A3-9474-1A3956D46DE8}") = "Perft", "Perft", "{DF6415F8-C423-41B7-B6B9-B239404E97DA}"
EndProject
Project("{FAE04EC0-301F-11D3-BF4B-00C04F79EFBC}") = "Habot.Perft", "Perft\Habot.Perft\Habot.Perft.csproj", "{EFE8825D-CE81-46B4-99B7-6720837728D0}"
EndProject
Project("{FAE04EC0-301F-11D3-BF4B-00C04F79EFBC}") = "Habot.Perft.Tests", "Perft\Habot.Perft.Tests\Habot.Perft.Tests.csproj", "{470D8B3B-46F6-4ACD-8498-A759A14DFDBB}"
EndProject
Global
	GlobalSection(SolutionConfigurationPlatforms) = preSolution
		Debug|Any CPU = Debug|Any CPU
		Release|Any CPU = Release|Any CPU
	EndGlobalSection
	GlobalSection(ProjectConfigurationPlatforms) = postSolution
		{89A07386-3001-477B-92BF-21B0359D5C5E}.Debug|Any CPU.ActiveCfg = Debug|Any CPU
		{89A07386-3001-477B-92BF-21B0359D5C5E}.Debug|Any CPU.Build.0 = Debug|Any CPU
		{89A07386-3001-477B-92BF-21B0359D5C5E}.Release|Any CPU.ActiveCfg = Release|Any CPU
		{89A07386-3001-477B-92BF-21B0359D5C5E}.Release|Any CPU.Build.0 = Release|Any CPU
		{23E4688A-3395-4AFA-AD2D-B97046B90B65}.Debug|Any CPU.ActiveCfg = Debug|Any CPU
		{23E4688A-3395-4AFA-AD2D-B97046B90B65}.Debug|Any CPU.Build.0 = Debug|Any CPU
		{23E4688A-3395-4AFA-AD2D-B97046B90B65}.Release|Any CPU.ActiveCfg = Release|Any CPU
		{23E4688A-3395-4AFA-AD2D-B97046B90B65}.Release|Any CPU.Build.0 = Release|Any CPU
		{EFE8825D-CE81-46B4-99B7-6720837728D0}.Debug|Any CPU.ActiveCfg = Debug|Any CPU
		{EFE8825D-CE81-46B4-99B7-6720837728D0}.Debug|Any CPU.Build.0 = Debug|Any CPU
		{EFE8825D-CE81-46B4-99B7-6720837728D0}.Release|Any CPU.ActiveCfg = Release|Any CPU
		{EFE8825D-CE81-46B4-99B7-6720837728D0}.Release|Any CPU.Build.0 = Release|Any CPU
		{470D8B3B-46F6-4ACD-8498-A759A14DFDBB}.Debug|Any CPU.ActiveCfg = Debug|Any CPU
		{470D8B3B-46F6-4ACD-8498-A759A14DFDBB}.Debug|Any CPU.Build.0 = Debug|Any CPU
		{470D8B3B-46F6-4ACD-8498-A759A14DFDBB}.Release|Any CPU.ActiveCfg = Release|Any CPU
		{470D8B3B-46F6-4ACD-8498-A759A14DFDBB}.Release|Any CPU.Build.0 = Release|Any CPU
	EndGlobalSection
	GlobalSection(NestedProjects) = preSolution
		{EFE8825D-CE81-46B4-99B7-6720837728D0} = {DF6415F8-C423-41B7-B6B9-B239404E97DA}
		{470D8B3B-46F6-4ACD-8498-A759A14DFDBB} = {DF6415F8-C423-41B7-B6B9-B239404E97DA}
	EndGlobalSection
EndGlobal
